
Microsoft Visual Studio Solution File, Format Version 12.00
# Visual Studio Version 16
VisualStudioVersion = 16.0.31424.327
MinimumVisualStudioVersion = 10.0.40219.1
Project("{9A19103F-16F7-4668-BE54-9A1E7A4F7556}") = "Digitalroot.Valheim.Common.AssemblyInfo", "Digitalroot.Valheim.Common.AssemblyInfo\Digitalroot.Valheim.Common.AssemblyInfo.csproj", "{4FEF2843-8CF2-4550-9996-233091A2A1E5}"
EndProject
Project("{2150E333-8FDC-42A3-9474-1A3956D46DE8}") = "Solution Items", "Solution Items", "{626E2B25-BD7E-4FA6-BAF3-E4FFB3A7F90C}"
	ProjectSection(SolutionItems) = preProject
		..\.gitignore = ..\.gitignore
		..\LICENSE = ..\LICENSE
		..\README.md = ..\README.md
		ico\ValheimRcon_black.ico = ico\ValheimRcon_black.ico
		ico\ValheimRcon_black.png = ico\ValheimRcon_black.png
	EndProjectSection
EndProject
Project("{2150E333-8FDC-42A3-9474-1A3956D46DE8}") = ".github", ".github", "{F85B1B0D-4331-4297-8268-F0AB4F0B5589}"
	ProjectSection(SolutionItems) = preProject
		..\.github\release-drafter.yml = ..\.github\release-drafter.yml
	EndProjectSection
EndProject
Project("{2150E333-8FDC-42A3-9474-1A3956D46DE8}") = "workflows", "workflows", "{1CA83D97-8C6C-4EED-941A-D5A96891C41C}"
EndProject
Global
	GlobalSection(SolutionConfigurationPlatforms) = preSolution
		Debug|Any CPU = Debug|Any CPU
		Release|Any CPU = Release|Any CPU
	EndGlobalSection
	GlobalSection(ProjectConfigurationPlatforms) = postSolution
		{4FEF2843-8CF2-4550-9996-233091A2A1E5}.Debug|Any CPU.ActiveCfg = Debug|Any CPU
		{4FEF2843-8CF2-4550-9996-233091A2A1E5}.Debug|Any CPU.Build.0 = Debug|Any CPU
		{4FEF2843-8CF2-4550-9996-233091A2A1E5}.Release|Any CPU.ActiveCfg = Release|Any CPU
		{4FEF2843-8CF2-4550-9996-233091A2A1E5}.Release|Any CPU.Build.0 = Release|Any CPU
	EndGlobalSection
	GlobalSection(SolutionProperties) = preSolution
		HideSolutionNode = FALSE
	EndGlobalSection
	GlobalSection(NestedProjects) = preSolution
		{F85B1B0D-4331-4297-8268-F0AB4F0B5589} = {626E2B25-BD7E-4FA6-BAF3-E4FFB3A7F90C}
		{1CA83D97-8C6C-4EED-941A-D5A96891C41C} = {F85B1B0D-4331-4297-8268-F0AB4F0B5589}
	EndGlobalSection
	GlobalSection(ExtensibilityGlobals) = postSolution
		SolutionGuid = {B4ACDDD0-875C-4A25-A289-AF5BF08A806A}
	EndGlobalSection
EndGlobal
